
Microsoft Visual Studio Solution File, Format Version 12.00
# Visual Studio Version 16
VisualStudioVersion = 16.0.32510.428
MinimumVisualStudioVersion = 10.0.40219.1
Project("{9A19103F-16F7-4668-BE54-9A1E7A4F7556}") = "Swiggy", "Swiggy\Swiggy.csproj", "{49291079-09BA-47E3-80A1-B43010E75C5D}"
EndProject
Global
	GlobalSection(SolutionConfigurationPlatforms) = preSolution
		Debug|Any CPU = Debug|Any CPU
		Release|Any CPU = Release|Any CPU
	EndGlobalSection
	GlobalSection(ProjectConfigurationPlatforms) = postSolution
		{49291079-09BA-47E3-80A1-B43010E75C5D}.Debug|Any CPU.ActiveCfg = Debug|Any CPU
		{49291079-09BA-47E3-80A1-B43010E75C5D}.Debug|Any CPU.Build.0 = Debug|Any CPU
		{49291079-09BA-47E3-80A1-B43010E75C5D}.Release|Any CPU.ActiveCfg = Release|Any CPU
		{49291079-09BA-47E3-80A1-B43010E75C5D}.Release|Any CPU.Build.0 = Release|Any CPU
	EndGlobalSection
	GlobalSection(SolutionProperties) = preSolution
		HideSolutionNode = FALSE
	EndGlobalSection
	GlobalSection(ExtensibilityGlobals) = postSolution
		SolutionGuid = {8D240493-D5FE-4E02-9599-9CB9A8A70A5B}
	EndGlobalSection
EndGlobal
